
Microsoft Visual Studio Solution File, Format Version 12.00
# Visual Studio Version 16
VisualStudioVersion = 16.0.31205.134
MinimumVisualStudioVersion = 10.0.40219.1
Project("{FAE04EC0-301F-11D3-BF4B-00C04F79EFBC}") = "University PD31-32", "University PD31-32.csproj", "{2EE238E8-A8FA-4A07-A774-F77D49852B00}"
EndProject
Global
	GlobalSection(SolutionConfigurationPlatforms) = preSolution
		Debug|Any CPU = Debug|Any CPU
		Release|Any CPU = Release|Any CPU
	EndGlobalSection
	GlobalSection(ProjectConfigurationPlatforms) = postSolution
		{2EE238E8-A8FA-4A07-A774-F77D49852B00}.Debug|Any CPU.ActiveCfg = Debug|Any CPU
		{2EE238E8-A8FA-4A07-A774-F77D49852B00}.Debug|Any CPU.Build.0 = Debug|Any CPU
		{2EE238E8-A8FA-4A07-A774-F77D49852B00}.Release|Any CPU.ActiveCfg = Release|Any CPU
		{2EE238E8-A8FA-4A07-A774-F77D49852B00}.Release|Any CPU.Build.0 = Release|Any CPU
	EndGlobalSection
	GlobalSection(SolutionProperties) = preSolution
		HideSolutionNode = FALSE
	EndGlobalSection
	GlobalSection(ExtensibilityGlobals) = postSolution
		SolutionGuid = {9A7E7A98-6447-43FF-81C0-A85ADAC2542D}
	EndGlobalSection
EndGlobal
